
Microsoft Visual Studio Solution File, Format Version 12.00
# Visual Studio 15
VisualStudioVersion = 15.0.26730.16
MinimumVisualStudioVersion = 10.0.40219.1
Project("{FAE04EC0-301F-11D3-BF4B-00C04F79EFBC}") = "CertMaker", "CertMaker.csproj", "{D32126D0-F47B-4FC7-96D4-07BDD354AA61}"
EndProject
Global
	GlobalSection(SolutionConfigurationPlatforms) = preSolution
		Debug|Any CPU = Debug|Any CPU
		Release|Any CPU = Release|Any CPU
	EndGlobalSection
	GlobalSection(ProjectConfigurationPlatforms) = postSolution
		{D32126D0-F47B-4FC7-96D4-07BDD354AA61}.Debug|Any CPU.ActiveCfg = Debug|Any CPU
		{D32126D0-F47B-4FC7-96D4-07BDD354AA61}.Debug|Any CPU.Build.0 = Debug|Any CPU
		{D32126D0-F47B-4FC7-96D4-07BDD354AA61}.Release|Any CPU.ActiveCfg = Release|Any CPU
		{D32126D0-F47B-4FC7-96D4-07BDD354AA61}.Release|Any CPU.Build.0 = Release|Any CPU
	EndGlobalSection
	GlobalSection(SolutionProperties) = preSolution
		HideSolutionNode = FALSE
	EndGlobalSection
	GlobalSection(ExtensibilityGlobals) = postSolution
		SolutionGuid = {DBD60B98-2CC3-4D4B-A23E-0ECF4178977C}
	EndGlobalSection
EndGlobal
