
Microsoft Visual Studio Solution File, Format Version 12.00
# Visual Studio 15
VisualStudioVersion = 15.0.26730.16
MinimumVisualStudioVersion = 10.0.40219.1
Project("{F2A71F9B-5D33-465A-A702-920D77279786}") = "Library", "Library\Library.fsproj", "{DCB008E9-E937-4BD7-A842-704A2D6F3857}"
EndProject
Project("{FAE04EC0-301F-11D3-BF4B-00C04F79EFBC}") = "LibraryTests", "LibraryTests\LibraryTests.csproj", "{19299E46-F193-4313-B726-092D967182FE}"
EndProject
Global
	GlobalSection(SolutionConfigurationPlatforms) = preSolution
		Debug|Any CPU = Debug|Any CPU
		Release|Any CPU = Release|Any CPU
	EndGlobalSection
	GlobalSection(ProjectConfigurationPlatforms) = postSolution
		{DCB008E9-E937-4BD7-A842-704A2D6F3857}.Debug|Any CPU.ActiveCfg = Debug|Any CPU
		{DCB008E9-E937-4BD7-A842-704A2D6F3857}.Debug|Any CPU.Build.0 = Debug|Any CPU
		{DCB008E9-E937-4BD7-A842-704A2D6F3857}.Release|Any CPU.ActiveCfg = Release|Any CPU
		{DCB008E9-E937-4BD7-A842-704A2D6F3857}.Release|Any CPU.Build.0 = Release|Any CPU
		{19299E46-F193-4313-B726-092D967182FE}.Debug|Any CPU.ActiveCfg = Debug|Any CPU
		{19299E46-F193-4313-B726-092D967182FE}.Debug|Any CPU.Build.0 = Debug|Any CPU
		{19299E46-F193-4313-B726-092D967182FE}.Release|Any CPU.ActiveCfg = Release|Any CPU
		{19299E46-F193-4313-B726-092D967182FE}.Release|Any CPU.Build.0 = Release|Any CPU
	EndGlobalSection
	GlobalSection(SolutionProperties) = preSolution
		HideSolutionNode = FALSE
	EndGlobalSection
	GlobalSection(ExtensibilityGlobals) = postSolution
		SolutionGuid = {4B6FAE91-5B67-49CD-8491-26C6E0B59881}
	EndGlobalSection
EndGlobal
